
Microsoft Visual Studio Solution File, Format Version 12.00
# Visual Studio 14
VisualStudioVersion = 14.0.23107.0
MinimumVisualStudioVersion = 10.0.40219.1
Project("{FAE04EC0-301F-11D3-BF4B-00C04F79EFBC}") = "Tp.I18n", "Tp.I18n\Tp.I18n.csproj", "{5DF722E1-8512-4B1C-835C-14CDBDC16A13}"
EndProject
Project("{FAE04EC0-301F-11D3-BF4B-00C04F79EFBC}") = "Tp.I18n.Tests", "Tp.I18n.Tests\Tp.I18n.Tests.csproj", "{7EE24248-5871-4327-ABA7-79E032BF6F0F}"
EndProject
Global
	GlobalSection(SolutionConfigurationPlatforms) = preSolution
		Debug|Any CPU = Debug|Any CPU
		Release|Any CPU = Release|Any CPU
	EndGlobalSection
	GlobalSection(ProjectConfigurationPlatforms) = postSolution
		{5DF722E1-8512-4B1C-835C-14CDBDC16A13}.Debug|Any CPU.ActiveCfg = Debug|Any CPU
		{5DF722E1-8512-4B1C-835C-14CDBDC16A13}.Debug|Any CPU.Build.0 = Debug|Any CPU
		{5DF722E1-8512-4B1C-835C-14CDBDC16A13}.Release|Any CPU.ActiveCfg = Release|Any CPU
		{5DF722E1-8512-4B1C-835C-14CDBDC16A13}.Release|Any CPU.Build.0 = Release|Any CPU
		{7EE24248-5871-4327-ABA7-79E032BF6F0F}.Debug|Any CPU.ActiveCfg = Debug|Any CPU
		{7EE24248-5871-4327-ABA7-79E032BF6F0F}.Debug|Any CPU.Build.0 = Debug|Any CPU
		{7EE24248-5871-4327-ABA7-79E032BF6F0F}.Release|Any CPU.ActiveCfg = Release|Any CPU
		{7EE24248-5871-4327-ABA7-79E032BF6F0F}.Release|Any CPU.Build.0 = Release|Any CPU
	EndGlobalSection
	GlobalSection(SolutionProperties) = preSolution
		HideSolutionNode = FALSE
	EndGlobalSection
EndGlobal
